// !$*UTF8*$!
{
	archiveVersion = 1;
	classes = {
	};
	objectVersion = 77;
	objects = {

/* Begin PBXBuildFile section */
		B950ACC82E69AB8600DB78EF /* WhisperKit in Frameworks */ = {isa = PBXBuildFile; productRef = B950ACC72E69AB8600DB78EF /* WhisperKit */; };
/* End PBXBuildFile section */

/* Begin PBXContainerItemProxy section */
		B92E25CB2E683941003E88A4 /* PBXContainerItemProxy */ = {
			isa = PBXContainerItemProxy;
			containerPortal = B92E25AF2E683940003E88A4 /* Project object */;
			proxyType = 1;
			remoteGlobalIDString = B92E25B62E683940003E88A4;
			remoteInfo = AI_NOTE;
		};
		B92E25D52E683941003E88A4 /* PBXContainerItemProxy */ = {
			isa = PBXContainerItemProxy;
			containerPortal = B92E25AF2E683940003E88A4 /* Project object */;
			proxyType = 1;
			remoteGlobalIDString = B92E25B62E683940003E88A4;
			remoteInfo = AI_NOTE;
		};
/* End PBXContainerItemProxy section */

/* Begin PBXFileReference section */
		B92E25B72E683940003E88A4 /* AI_NOTE.app */ = {isa = PBXFileReference; explicitFileType = wrapper.application; includeInIndex = 0; path = AI_NOTE.app; sourceTree = BUILT_PRODUCTS_DIR; };
		B92E25CA2E683941003E88A4 /* AI_NOTETests.xctest */ = {isa = PBXFileReference; explicitFileType = wrapper.cfbundle; includeInIndex = 0; path = AI_NOTETests.xctest; sourceTree = BUILT_PRODUCTS_DIR; };
		B92E25D42E683941003E88A4 /* AI_NOTEUITests.xctest */ = {isa = PBXFileReference; explicitFileType = wrapper.cfbundle; includeInIndex = 0; path = AI_NOTEUITests.xctest; sourceTree = BUILT_PRODUCTS_DIR; };
/* End PBXFileReference section */

/* Begin PBXFileSystemSynchronizedRootGroup section */
		B92E25B92E683940003E88A4 /* AI_NOTE */ = {
			isa = PBXFileSystemSynchronizedRootGroup;
			path = AI_NOTE;
			sourceTree = "<group>";
		};
		B92E25CD2E683941003E88A4 /* AI_NOTETests */ = {
			isa = PBXFileSystemSynchronizedRootGroup;
			path = AI_NOTETests;
			sourceTree = "<group>";
		};
		B92E25D72E683941003E88A4 /* AI_NOTEUITests */ = {
			isa = PBXFileSystemSynchronizedRootGroup;
			path = AI_NOTEUITests;
			sourceTree = "<group>";
		};
/* End PBXFileSystemSynchronizedRootGroup section */

/* Begin PBXFrameworksBuildPhase section */
		B92E25B42E683940003E88A4 /* Frameworks */ = {
			isa = PBXFrameworksBuildPhase;
			buildActionMask = 2147483647;
			files = (
				B950ACC82E69AB8600DB78EF /* WhisperKit in Frameworks */,
			);
			runOnlyForDeploymentPostprocessing = 0;
		};
		B92E25C72E683941003E88A4 /* Frameworks */ = {
			isa = PBXFrameworksBuildPhase;
			buildActionMask = 2147483647;
			files = (
			);
			runOnlyForDeploymentPostprocessing = 0;
		};
		B92E25D12E683941003E88A4 /* Frameworks */ = {
			isa = PBXFrameworksBuildPhase;
			buildActionMask = 2147483647;
			files = (
			);
			runOnlyForDeploymentPostprocessing = 0;
		};
/* End PBXFrameworksBuildPhase section */

/* Begin PBXGroup section */
		B92E25AE2E683940003E88A4 = {
			isa = PBXGroup;
			children = (
				B92E25B92E683940003E88A4 /* AI_NOTE */,
				B92E25CD2E683941003E88A4 /* AI_NOTETests */,
				B92E25D72E683941003E88A4 /* AI_NOTEUITests */,
				B92E25B82E683940003E88A4 /* Products */,
			);
			sourceTree = "<group>";
		};
		B92E25B82E683940003E88A4 /* Products */ = {
			isa = PBXGroup;
			children = (
				B92E25B72E683940003E88A4 /* AI_NOTE.app */,
				B92E25CA2E683941003E88A4 /* AI_NOTETests.xctest */,
				B92E25D42E683941003E88A4 /* AI_NOTEUITests.xctest */,
			);
			name = Products;
			sourceTree = "<group>";
		};
/* End PBXGroup section */

/* Begin PBXNativeTarget section */
		B92E25B62E683940003E88A4 /* AI_NOTE */ = {
			isa = PBXNativeTarget;
			buildConfigurationList = B92E25DE2E683941003E88A4 /* Build configuration list for PBXNativeTarget "AI_NOTE" */;
			buildPhases = (
				B92E25B32E683940003E88A4 /* Sources */,
				B92E25B42E683940003E88A4 /* Frameworks */,
				B92E25B52E683940003E88A4 /* Resources */,
			);
			buildRules = (
			);
			dependencies = (
			);
			fileSystemSynchronizedGroups = (
				B92E25B92E683940003E88A4 /* AI_NOTE */,
			);
			name = AI_NOTE;
			packageProductDependencies = (
				B950ACC72E69AB8600DB78EF /* WhisperKit */,
			);
			productName = AI_NOTE;
			productReference = B92E25B72E683940003E88A4 /* AI_NOTE.app */;
			productType = "com.apple.product-type.application";
		};
		B92E25C92E683941003E88A4 /* AI_NOTETests */ = {
			isa = PBXNativeTarget;
			buildConfigurationList = B92E25E12E683941003E88A4 /* Build configuration list for PBXNativeTarget "AI_NOTETests" */;
			buildPhases = (
				B92E25C62E683941003E88A4 /* Sources */,
				B92E25C72E683941003E88A4 /* Frameworks */,
				B92E25C82E683941003E88A4 /* Resources */,
			);
			buildRules = (
			);
			dependencies = (
				B92E25CC2E683941003E88A4 /* PBXTargetDependency */,
			);
			fileSystemSynchronizedGroups = (
				B92E25CD2E683941003E88A4 /* AI_NOTETests */,
			);
			name = AI_NOTETests;
			packageProductDependencies = (
			);
			productName = AI_NOTETests;
			productReference = B92E25CA2E683941003E88A4 /* AI_NOTETests.xctest */;
			productType = "com.apple.product-type.bundle.unit-test";
		};
		B92E25D32E683941003E88A4 /* AI_NOTEUITests */ = {
			isa = PBXNativeTarget;
			buildConfigurationList = B92E25E42E683941003E88A4 /* Build configuration list for PBXNativeTarget "AI_NOTEUITests" */;
			buildPhases = (
				B92E25D02E683941003E88A4 /* Sources */,
				B92E25D12E683941003E88A4 /* Frameworks */,
				B92E25D22E683941003E88A4 /* Resources */,
			);
			buildRules = (
			);
			dependencies = (
				B92E25D62E683941003E88A4 /* PBXTargetDependency */,
			);
			fileSystemSynchronizedGroups = (
				B92E25D72E683941003E88A4 /* AI_NOTEUITests */,
			);
			name = AI_NOTEUITests;
			packageProductDependencies = (
			);
			productName = AI_NOTEUITests;
			productReference = B92E25D42E683941003E88A4 /* AI_NOTEUITests.xctest */;
			productType = "com.apple.product-type.bundle.ui-testing";
		};
/* End PBXNativeTarget section */

/* Begin PBXProject section */
		B92E25AF2E683940003E88A4 /* Project object */ = {
			isa = PBXProject;
			attributes = {
				BuildIndependentTargetsInParallel = 1;
				LastSwiftUpdateCheck = 1640;
				LastUpgradeCheck = 1640;
				TargetAttributes = {
					B92E25B62E683940003E88A4 = {
						CreatedOnToolsVersion = 16.4;
					};
					B92E25C92E683941003E88A4 = {
						CreatedOnToolsVersion = 16.4;
						TestTargetID = B92E25B62E683940003E88A4;
					};
					B92E25D32E683941003E88A4 = {
						CreatedOnToolsVersion = 16.4;
						TestTargetID = B92E25B62E683940003E88A4;
					};
				};
			};
			buildConfigurationList = B92E25B22E683940003E88A4 /* Build configuration list for PBXProject "AI_NOTE" */;
			developmentRegion = en;
			hasScannedForEncodings = 0;
			knownRegions = (
				en,
				Base,
			);
			mainGroup = B92E25AE2E683940003E88A4;
			minimizedProjectReferenceProxies = 1;
			packageReferences = (
				B950ACC62E69AB8600DB78EF /* XCRemoteSwiftPackageReference "WhisperKit" */,
			);
			preferredProjectObjectVersion = 77;
			productRefGroup = B92E25B82E683940003E88A4 /* Products */;
			projectDirPath = "";
			projectRoot = "";
			targets = (
				B92E25B62E683940003E88A4 /* AI_NOTE */,
				B92E25C92E683941003E88A4 /* AI_NOTETests */,
				B92E25D32E683941003E88A4 /* AI_NOTEUITests */,
			);
		};
/* End PBXProject section */

/* Begin PBXResourcesBuildPhase section */
		B92E25B52E683940003E88A4 /* Resources */ = {
			isa = PBXResourcesBuildPhase;
			buildActionMask = 2147483647;
			files = (
			);
			runOnlyForDeploymentPostprocessing = 0;
		};
		B92E25C82E683941003E88A4 /* Resources */ = {
			isa = PBXResourcesBuildPhase;
			buildActionMask = 2147483647;
			files = (
			);
			runOnlyForDeploymentPostprocessing = 0;
		};
		B92E25D22E683941003E88A4 /* Resources */ = {
			isa = PBXResourcesBuildPhase;
			buildActionMask = 2147483647;
			files = (
			);
			runOnlyForDeploymentPostprocessing = 0;
		};
/* End PBXResourcesBuildPhase section */

/* Begin PBXSourcesBuildPhase section */
		B92E25B32E683940003E88A4 /* Sources */ = {
			isa = PBXSourcesBuildPhase;
			buildActionMask = 2147483647;
			files = (
			);
			runOnlyForDeploymentPostprocessing = 0;
		};
		B92E25C62E683941003E88A4 /* Sources */ = {
			isa = PBXSourcesBuildPhase;
			buildActionMask = 2147483647;
			files = (
			);
			runOnlyForDeploymentPostprocessing = 0;
		};
		B92E25D02E683941003E88A4 /* Sources */ = {
			isa = PBXSourcesBuildPhase;
			buildActionMask = 2147483647;
			files = (
			);
			runOnlyForDeploymentPostprocessing = 0;
		};
/* End PBXSourcesBuildPhase section */

/* Begin PBXTargetDependency section */
		B92E25CC2E683941003E88A4 /* PBXTargetDependency */ = {
			isa = PBXTargetDependency;
			target = B92E25B62E683940003E88A4 /* AI_NOTE */;
			targetProxy = B92E25CB2E683941003E88A4 /* PBXContainerItemProxy */;
		};
		B92E25D62E683941003E88A4 /* PBXTargetDependency */ = {
			isa = PBXTargetDependency;
			target = B92E25B62E683940003E88A4 /* AI_NOTE */;
			targetProxy = B92E25D52E683941003E88A4 /* PBXContainerItemProxy */;
		};
/* End PBXTargetDependency section */

/* Begin XCBuildConfiguration section */
		B92E25DC2E683941003E88A4 /* Debug */ = {
			isa = XCBuildConfiguration;
			buildSettings = {
				ALWAYS_SEARCH_USER_PATHS = NO;
				ASSETCATALOG_COMPILER_GENERATE_SWIFT_ASSET_SYMBOL_EXTENSIONS = YES;
				CLANG_ANALYZER_NONNULL = YES;
				CLANG_ANALYZER_NUMBER_OBJECT_CONVERSION = YES_AGGRESSIVE;
				CLANG_CXX_LANGUAGE_STANDARD = "gnu++20";
				CLANG_ENABLE_MODULES = YES;
				CLANG_ENABLE_OBJC_ARC = YES;
				CLANG_ENABLE_OBJC_WEAK = YES;
				CLANG_WARN_BLOCK_CAPTURE_AUTORELEASING = YES;
				CLANG_WARN_BOOL_CONVERSION = YES;
				CLANG_WARN_COMMA = YES;
				CLANG_WARN_CONSTANT_CONVERSION = YES;
				CLANG_WARN_DEPRECATED_OBJC_IMPLEMENTATIONS = YES;
				CLANG_WARN_DIRECT_OBJC_ISA_USAGE = YES_ERROR;
				CLANG_WARN_DOCUMENTATION_COMMENTS = YES;
				CLANG_WARN_EMPTY_BODY = YES;
				CLANG_WARN_ENUM_CONVERSION = YES;
				CLANG_WARN_INFINITE_RECURSION = YES;
				CLANG_WARN_INT_CONVERSION = YES;
				CLANG_WARN_NON_LITERAL_NULL_CONVERSION = YES;
				CLANG_WARN_OBJC_IMPLICIT_RETAIN_SELF = YES;
				CLANG_WARN_OBJC_LITERAL_CONVERSION = YES;
				CLANG_WARN_OBJC_ROOT_CLASS = YES_ERROR;
				CLANG_WARN_QUOTED_INCLUDE_IN_FRAMEWORK_HEADER = YES;
				CLANG_WARN_RANGE_LOOP_ANALYSIS = YES;
				CLANG_WARN_STRICT_PROTOTYPES = YES;
				CLANG_WARN_SUSPICIOUS_MOVE = YES;
				CLANG_WARN_UNGUARDED_AVAILABILITY = YES_AGGRESSIVE;
				CLANG_WARN_UNREACHABLE_CODE = YES;
				CLANG_WARN__DUPLICATE_METHOD_MATCH = YES;
				COPY_PHASE_STRIP = NO;
				DEBUG_INFORMATION_FORMAT = dwarf;
				ENABLE_STRICT_OBJC_MSGSEND = YES;
				ENABLE_TESTABILITY = YES;
				ENABLE_USER_SCRIPT_SANDBOXING = YES;
				GCC_C_LANGUAGE_STANDARD = gnu17;
				GCC_DYNAMIC_NO_PIC = NO;
				GCC_NO_COMMON_BLOCKS = YES;
				GCC_OPTIMIZATION_LEVEL = 0;
				GCC_PREPROCESSOR_DEFINITIONS = (
					"DEBUG=1",
					"$(inherited)",
				);
				GCC_WARN_64_TO_32_BIT_CONVERSION = YES;
				GCC_WARN_ABOUT_RETURN_TYPE = YES_ERROR;
				GCC_WARN_UNDECLARED_SELECTOR = YES;
				GCC_WARN_UNINITIALIZED_AUTOS = YES_AGGRESSIVE;
				GCC_WARN_UNUSED_FUNCTION = YES;
				GCC_WARN_UNUSED_VARIABLE = YES;
				LOCALIZATION_PREFERS_STRING_CATALOGS = YES;
				MACOSX_DEPLOYMENT_TARGET = 15.5;
				MTL_ENABLE_DEBUG_INFO = INCLUDE_SOURCE;
				MTL_FAST_MATH = YES;
				ONLY_ACTIVE_ARCH = YES;
				SDKROOT = macosx;
				SWIFT_ACTIVE_COMPILATION_CONDITIONS = "DEBUG $(inherited)";
				SWIFT_OPTIMIZATION_LEVEL = "-Onone";
			};
			name = Debug;
		};
		B92E25DD2E683941003E88A4 /* Release */ = {
			isa = XCBuildConfiguration;
			buildSettings = {
				ALWAYS_SEARCH_USER_PATHS = NO;
				ASSETCATALOG_COMPILER_GENERATE_SWIFT_ASSET_SYMBOL_EXTENSIONS = YES;
				CLANG_ANALYZER_NONNULL = YES;
				CLANG_ANALYZER_NUMBER_OBJECT_CONVERSION = YES_AGGRESSIVE;
				CLANG_CXX_LANGUAGE_STANDARD = "gnu++20";
				CLANG_ENABLE_MODULES = YES;
				CLANG_ENABLE_OBJC_ARC = YES;
				CLANG_ENABLE_OBJC_WEAK = YES;
				CLANG_WARN_BLOCK_CAPTURE_AUTORELEASING = YES;
				CLANG_WARN_BOOL_CONVERSION = YES;
				CLANG_WARN_COMMA = YES;
				CLANG_WARN_CONSTANT_CONVERSION = YES;
				CLANG_WARN_DEPRECATED_OBJC_IMPLEMENTATIONS = YES;
				CLANG_WARN_DIRECT_OBJC_ISA_USAGE = YES_ERROR;
				CLANG_WARN_DOCUMENTATION_COMMENTS = YES;
				CLANG_WARN_EMPTY_BODY = YES;
				CLANG_WARN_ENUM_CONVERSION = YES;
				CLANG_WARN_INFINITE_RECURSION = YES;
				CLANG_WARN_INT_CONVERSION = YES;
				CLANG_WARN_NON_LITERAL_NULL_CONVERSION = YES;
				CLANG_WARN_OBJC_IMPLICIT_RETAIN_SELF = YES;
				CLANG_WARN_OBJC_LITERAL_CONVERSION = YES;
				CLANG_WARN_OBJC_ROOT_CLASS = YES_ERROR;
				CLANG_WARN_QUOTED_INCLUDE_IN_FRAMEWORK_HEADER = YES;
				CLANG_WARN_RANGE_LOOP_ANALYSIS = YES;
				CLANG_WARN_STRICT_PROTOTYPES = YES;
				CLANG_WARN_SUSPICIOUS_MOVE = YES;
				CLANG_WARN_UNGUARDED_AVAILABILITY = YES_AGGRESSIVE;
				CLANG_WARN_UNREACHABLE_CODE = YES;
				CLANG_WARN__DUPLICATE_METHOD_MATCH = YES;
				COPY_PHASE_STRIP = NO;
				DEBUG_INFORMATION_FORMAT = "dwarf-with-dsym";
				ENABLE_NS_ASSERTIONS = NO;
				ENABLE_STRICT_OBJC_MSGSEND = YES;
				ENABLE_USER_SCRIPT_SANDBOXING = YES;
				GCC_C_LANGUAGE_STANDARD = gnu17;
				GCC_NO_COMMON_BLOCKS = YES;
				GCC_WARN_64_TO_32_BIT_CONVERSION = YES;
				GCC_WARN_ABOUT_RETURN_TYPE = YES_ERROR;
				GCC_WARN_UNDECLARED_SELECTOR = YES;
				GCC_WARN_UNINITIALIZED_AUTOS = YES_AGGRESSIVE;
				GCC_WARN_UNUSED_FUNCTION = YES;
				GCC_WARN_UNUSED_VARIABLE = YES;
				LOCALIZATION_PREFERS_STRING_CATALOGS = YES;
				MACOSX_DEPLOYMENT_TARGET = 15.5;
				MTL_ENABLE_DEBUG_INFO = NO;
				MTL_FAST_MATH = YES;
				SDKROOT = macosx;
				SWIFT_COMPILATION_MODE = wholemodule;
			};
			name = Release;
		};
		B92E25DF2E683941003E88A4 /* Debug */ = {
			isa = XCBuildConfiguration;
			buildSettings = {
				ASSETCATALOG_COMPILER_APPICON_NAME = AppIcon;
				ASSETCATALOG_COMPILER_GLOBAL_ACCENT_COLOR_NAME = AccentColor;
				CODE_SIGN_ENTITLEMENTS = AI_NOTE/AI_NOTE.entitlements;
				CODE_SIGN_STYLE = Automatic;
				COMBINE_HIDPI_IMAGES = YES;
				CURRENT_PROJECT_VERSION = 1;
				ENABLE_PREVIEWS = YES;
				GENERATE_INFOPLIST_FILE = YES;
				INFOPLIST_FILE = "AI-NOTE-Info.plist";
				INFOPLIST_KEY_NSHumanReadableCopyright = "";
				INFOPLIST_KEY_NSMicrophoneUsageDescription = "Запись микрофона";
				LD_RUNPATH_SEARCH_PATHS = (
					"$(inherited)",
					"@executable_path/../Frameworks",
				);
				MARKETING_VERSION = 1.0;
				PRODUCT_BUNDLE_IDENTIFIER = "preegnees.AI-NOTE";
				PRODUCT_NAME = "$(TARGET_NAME)";
				REGISTER_APP_GROUPS = YES;
				SWIFT_EMIT_LOC_STRINGS = YES;
				SWIFT_VERSION = 5.0;
			};
			name = Debug;
		};
		B92E25E02E683941003E88A4 /* Release */ = {
			isa = XCBuildConfiguration;
			buildSettings = {
				ASSETCATALOG_COMPILER_APPICON_NAME = AppIcon;
				ASSETCATALOG_COMPILER_GLOBAL_ACCENT_COLOR_NAME = AccentColor;
				CODE_SIGN_ENTITLEMENTS = AI_NOTE/AI_NOTE.entitlements;
				CODE_SIGN_STYLE = Automatic;
				COMBINE_HIDPI_IMAGES = YES;
				CURRENT_PROJECT_VERSION = 1;
				ENABLE_PREVIEWS = YES;
				GENERATE_INFOPLIST_FILE = YES;
				INFOPLIST_FILE = "AI-NOTE-Info.plist";
				INFOPLIST_KEY_NSHumanReadableCopyright = "";
				INFOPLIST_KEY_NSMicrophoneUsageDescription = "Запись микрофона";
				LD_RUNPATH_SEARCH_PATHS = (
					"$(inherited)",
					"@executable_path/../Frameworks",
				);
				MARKETING_VERSION = 1.0;
				PRODUCT_BUNDLE_IDENTIFIER = "preegnees.AI-NOTE";
				PRODUCT_NAME = "$(TARGET_NAME)";
				REGISTER_APP_GROUPS = YES;
				SWIFT_EMIT_LOC_STRINGS = YES;
				SWIFT_VERSION = 5.0;
			};
			name = Release;
		};
		B92E25E22E683941003E88A4 /* Debug */ = {
			isa = XCBuildConfiguration;
			buildSettings = {
				BUNDLE_LOADER = "$(TEST_HOST)";
				CODE_SIGN_STYLE = Automatic;
				CURRENT_PROJECT_VERSION = 1;
				GENERATE_INFOPLIST_FILE = YES;
				MACOSX_DEPLOYMENT_TARGET = 15.5;
				MARKETING_VERSION = 1.0;
				PRODUCT_BUNDLE_IDENTIFIER = "preegnees.AI-NOTETests";
				PRODUCT_NAME = "$(TARGET_NAME)";
				SWIFT_EMIT_LOC_STRINGS = NO;
				SWIFT_VERSION = 5.0;
				TEST_HOST = "$(BUILT_PRODUCTS_DIR)/AI_NOTE.app/$(BUNDLE_EXECUTABLE_FOLDER_PATH)/AI_NOTE";
			};
			name = Debug;
		};
		B92E25E32E683941003E88A4 /* Release */ = {
			isa = XCBuildConfiguration;
			buildSettings = {
				BUNDLE_LOADER = "$(TEST_HOST)";
				CODE_SIGN_STYLE = Automatic;
				CURRENT_PROJECT_VERSION = 1;
				GENERATE_INFOPLIST_FILE = YES;
				MACOSX_DEPLOYMENT_TARGET = 15.5;
				MARKETING_VERSION = 1.0;
				PRODUCT_BUNDLE_IDENTIFIER = "preegnees.AI-NOTETests";
				PRODUCT_NAME = "$(TARGET_NAME)";
				SWIFT_EMIT_LOC_STRINGS = NO;
				SWIFT_VERSION = 5.0;
				TEST_HOST = "$(BUILT_PRODUCTS_DIR)/AI_NOTE.app/$(BUNDLE_EXECUTABLE_FOLDER_PATH)/AI_NOTE";
			};
			name = Release;
		};
		B92E25E52E683941003E88A4 /* Debug */ = {
			isa = XCBuildConfiguration;
			buildSettings = {
				CODE_SIGN_STYLE = Automatic;
				CURRENT_PROJECT_VERSION = 1;
				GENERATE_INFOPLIST_FILE = YES;
				MARKETING_VERSION = 1.0;
				PRODUCT_BUNDLE_IDENTIFIER = "preegnees.AI-NOTEUITests";
				PRODUCT_NAME = "$(TARGET_NAME)";
				SWIFT_EMIT_LOC_STRINGS = NO;
				SWIFT_VERSION = 5.0;
				TEST_TARGET_NAME = AI_NOTE;
			};
			name = Debug;
		};
		B92E25E62E683941003E88A4 /* Release */ = {
			isa = XCBuildConfiguration;
			buildSettings = {
				CODE_SIGN_STYLE = Automatic;
				CURRENT_PROJECT_VERSION = 1;
				GENERATE_INFOPLIST_FILE = YES;
				MARKETING_VERSION = 1.0;
				PRODUCT_BUNDLE_IDENTIFIER = "preegnees.AI-NOTEUITests";
				PRODUCT_NAME = "$(TARGET_NAME)";
				SWIFT_EMIT_LOC_STRINGS = NO;
				SWIFT_VERSION = 5.0;
				TEST_TARGET_NAME = AI_NOTE;
			};
			name = Release;
		};
/* End XCBuildConfiguration section */

/* Begin XCConfigurationList section */
		B92E25B22E683940003E88A4 /* Build configuration list for PBXProject "AI_NOTE" */ = {
			isa = XCConfigurationList;
			buildConfigurations = (
				B92E25DC2E683941003E88A4 /* Debug */,
				B92E25DD2E683941003E88A4 /* Release */,
			);
			defaultConfigurationIsVisible = 0;
			defaultConfigurationName = Release;
		};
		B92E25DE2E683941003E88A4 /* Build configuration list for PBXNativeTarget "AI_NOTE" */ = {
			isa = XCConfigurationList;
			buildConfigurations = (
				B92E25DF2E683941003E88A4 /* Debug */,
				B92E25E02E683941003E88A4 /* Release */,
			);
			defaultConfigurationIsVisible = 0;
			defaultConfigurationName = Release;
		};
		B92E25E12E683941003E88A4 /* Build configuration list for PBXNativeTarget "AI_NOTETests" */ = {
			isa = XCConfigurationList;
			buildConfigurations = (
				B92E25E22E683941003E88A4 /* Debug */,
				B92E25E32E683941003E88A4 /* Release */,
			);
			defaultConfigurationIsVisible = 0;
			defaultConfigurationName = Release;
		};
		B92E25E42E683941003E88A4 /* Build configuration list for PBXNativeTarget "AI_NOTEUITests" */ = {
			isa = XCConfigurationList;
			buildConfigurations = (
				B92E25E52E683941003E88A4 /* Debug */,
				B92E25E62E683941003E88A4 /* Release */,
			);
			defaultConfigurationIsVisible = 0;
			defaultConfigurationName = Release;
		};
/* End XCConfigurationList section */

/* Begin XCRemoteSwiftPackageReference section */
		B950ACC62E69AB8600DB78EF /* XCRemoteSwiftPackageReference "WhisperKit" */ = {
			isa = XCRemoteSwiftPackageReference;
			repositoryURL = "https://github.com/argmaxinc/WhisperKit.git";
			requirement = {
				kind = upToNextMinorVersion;
				minimumVersion = 0.13.1;
			};
		};
/* End XCRemoteSwiftPackageReference section */

/* Begin XCSwiftPackageProductDependency section */
		B950ACC72E69AB8600DB78EF /* WhisperKit */ = {
			isa = XCSwiftPackageProductDependency;
			package = B950ACC62E69AB8600DB78EF /* XCRemoteSwiftPackageReference "WhisperKit" */;
			productName = WhisperKit;
		};
/* End XCSwiftPackageProductDependency section */
	};
	rootObject = B92E25AF2E683940003E88A4 /* Project object */;
}
